
Microsoft Visual Studio Solution File, Format Version 12.00
# Visual Studio Version 17
VisualStudioVersion = 17.13.35825.156
MinimumVisualStudioVersion = 10.0.40219.1
Project("{FAE04EC0-301F-11D3-BF4B-00C04F79EFBC}") = "DigitalDevices", "DigitalDevices.csproj", "{52FA2B59-EFE4-6B5C-9C1F-2510B3DDD1BD}"
EndProject
Global
	GlobalSection(SolutionConfigurationPlatforms) = preSolution
		Debug|Any CPU = Debug|Any CPU
		Release|Any CPU = Release|Any CPU
	EndGlobalSection
	GlobalSection(ProjectConfigurationPlatforms) = postSolution
		{52FA2B59-EFE4-6B5C-9C1F-2510B3DDD1BD}.Debug|Any CPU.ActiveCfg = Debug|Any CPU
		{52FA2B59-EFE4-6B5C-9C1F-2510B3DDD1BD}.Debug|Any CPU.Build.0 = Debug|Any CPU
		{52FA2B59-EFE4-6B5C-9C1F-2510B3DDD1BD}.Release|Any CPU.ActiveCfg = Release|Any CPU
		{52FA2B59-EFE4-6B5C-9C1F-2510B3DDD1BD}.Release|Any CPU.Build.0 = Release|Any CPU
	EndGlobalSection
	GlobalSection(SolutionProperties) = preSolution
		HideSolutionNode = FALSE
	EndGlobalSection
	GlobalSection(ExtensibilityGlobals) = postSolution
		SolutionGuid = {77215249-9050-4936-AC80-0E39CA9CA070}
	EndGlobalSection
EndGlobal
